github.com/Andrew-M-C/go-bytesize v0.0.0-20230105080248-c93b078d58b3 h1:EEOMYQYkLbcQEfKN9/t3aOKiBD2HZ4lDd+d/aB4754o=
github.com/Andrew-M-C/go-bytesize v0.0.0-20230105080248-c93b078d58b3/go.mod h1:YJAeUx9w5bqEQJcJXHmm66CU57vK4oNli5skYzl9LXk=
github.com/Andrew-M-C/go.objectid v1.0.3 h1:JRqELpahHp+pVkFA9qEUxBUZSZkwNWAeSDmcP3I9uF4=
github.com/Andrew-M-C/go.util/log v0.0.0-20240221044053-8b90aa4683c0 h1:M1WPxFfLXDy+SWlCT30BBBaUIzVc3p7T0CH6Qf+1iQM=
github.com/Andrew-M-C/go.util/log v0.0.0-20240221044053-8b90aa4683c0/go.mod h1:5DGe2RtXYt6oGlelIMCZxizTO8UjuaBd00dgXKHstG8=
github.com/Andrew-M-C/go.util/runtime v0.0.0-20240221044053-8b90aa4683c0 h1:SjF5imujpHh9UZhZOlZD+ZMj2iR3kB4PfWc6aPO51to=
github.com/Andrew-M-C/go.util/runtime v0.0.0-20240221044053-8b90aa4683c0/go.mod h1:+SEGQ3pJzwCyVvNnzKrat1XWuPueG6uIrL8Kk7+IUWk=
github.com/Andrew-M-C/go.util/slice v0.0.0-20240221035607-b8b572fd3e45 h1:BwtwSyZ7gbZZRZi5Aue9irlzLlquZTbNg7XpVsx8gq8=
github.com/Andrew-M-C/go.util/time v0.0.0-20240221042117-031961c2f12c h1:CI/qzgw0wWu757R+oA2VCynYSSSzptpDEl/JC8Vwfzo=
github.com/Andrew-M-C/go.util/time v0.0.0-20240221042117-031961c2f12c/go.mod h1:mCEgKd3ntspEY1SF2UiiCQ3QXP/1U2a7Uu00/TALQLc=
github.com/davecgh/go-spew v1.1.0/go.mod h1:J7Y8YcW2NihsgmVo/mv3lAwl/skON4iLHjSsI+c5H38=
github.com/davecgh/go-spew v1.1.1 h1:vj9j/u1bqnvCEfJOwUhtlOARqs3+rkHYY13jYWTU97c=
github.com/fatih/color v1.18.0 h1:S8gINlzdQ840/4pfAwic/ZE0djQEH3wM94VfqLTZcOM=
github.com/gopherjs/gopherjs v1.17.2 h1:fQnZVsXk8uxXIStYb0N4bGk7jeyTalG/wsZjQ25dO0g=
github.com/gopherjs/gopherjs v1.17.2/go.mod h1:pRRIvn/QzFLrKfvEz3qUuEhtE/zLCWfreZ6J5gM2i+k=
github.com/jtolds/gls v4.20.0+incompatible h1:xdiiI2gbIgH/gLH7ADydsJ1uDOEzR8yvV7C0MuV77Wo=
github.com/jtolds/gls v4.20.0+incompatible/go.mod h1:QJZ7F/aHp+rZTRtaJ1ow/lLfFfVYBRgL+9YlvaHOwJU=
github.com/mattn/go-colorable v0.1.13 h1:fFA4WZxdEF4tXPZVKMLwD8oUnCTTo08duU7wxecdEvA=
github.com/mattn/go-colorable v0.1.13/go.mod h1:7S9/ev0klgBDR4GtXTXX8a3vIGJpMovkB8vQcUbaXHg=
github.com/mattn/go-isatty v0.0.16/go.mod h1:kYGgaQfpe5nmfYZH+SKPsOc2e4SrIfOl2e/yFXSvRLM=
github.com/mattn/go-isatty v0.0.20 h1:xfD0iDuEKnDkl03q4limB+vH+GxLEtL/jb4xVJSWWEY=
github.com/mattn/go-isatty v0.0.20/go.mod h1:W+V8PltTTMOvKvAeJH7IuucS94S2C6jfK/D7dTCTo3Y=
github.com/pmezard/go-difflib v1.0.0/go.mod h1:iKH77koFhYxTK1pcRnkKkqfTogsbg7gZNVY4sRDYZ/4=
github.com/smarty/assertions v1.15.0 h1:cR//PqUBUiQRakZWqBiFFQ9wb8emQGDb0HeGdqGByCY=
github.com/smarty/assertions v1.15.0/go.mod h1:yABtdzeQs6l1brC900WlRNwj6ZR55d7B+E8C6HtKdec=
github.com/smartystreets/goconvey v1.8.1 h1:qGjIddxOk4grTu9JPOU31tVfq3cNdBlNa5sSznIX1xY=
github.com/smartystreets/goconvey v1.8.1/go.mod h1:+/u4qLyY6x1jReYOp7GOM2FSt8aP9CzCZL03bI28W60=
github.com/stretchr/objx v0.1.0/go.mod h1:HFkY916IF+rwdDfMAkV7OtwuqBVzrE8GR6GFx+wExME=
github.com/valyala/fastrand v1.1.0 h1:f+5HkLW4rsgzdNoleUOB69hyT9IlD2ZQh9GyDMfb5G8=
go.mongodb.org/mongo-driver v1.17.1 h1:Wic5cJIwJgSpBhe3lx3+/RybR5PiYRMpVFgO7cOHyIM=
go.uber.org/atomic v1.11.0 h1:ZvwS0R+56ePWxUNi+Atn9dWONBPp/AUETXlHW0DxSjE=
golang.org/x/exp v0.0.0-20240222234643-814bf88cf225 h1:LfspQV/FYTatPTr/3HzIcmiUFH7PGP+OQ6mgDYo3yuQ=
golang.org/x/sys v0.0.0-20220811171246-fbc7d0a398ab/go.mod h1:oPkhp1MJrh7nUepCBck5+mAzfO9JrbApNNgaTdGDITg=
golang.org/x/sys v0.6.0/go.mod h1:oPkhp1MJrh7nUepCBck5+mAzfO9JrbApNNgaTdGDITg=
golang.org/x/sys v0.27.0 h1:wBqf8DvsY9Y/2P8gAfPDEYNuS30J4lPHJxXSb/nJZ+s=
golang.org/x/text v0.19.0 h1:kTxAhCbGbxhK0IwgSKiMO5awPoDQ0RpfiVYBfK860YM=
golang.org/x/tools v0.0.0-20180917221912-90fa682c2a6e/go.mod h1:n7NCudcB/nEzxVGmLbDWY5pfWTLqBcC2KZ6jyYvM4mQ=
gopkg.in/check.v1 v0.0.0-20161208181325-20d25e280405/go.mod h1:Co6ibVJAznAaIkqp8huTwlJQCZ016jof/cbN4VW5Yz0=
