github.com/Andrew-M-C/go.util/channel v0.0.0-20240614030833-e1060da1a642 h1:KhOSV0pEBEsGJpjA5d1SB1ZrbXUSG+jcUBo5oELY7Yg=
github.com/Andrew-M-C/go.util/channel v0.0.0-20240614030833-e1060da1a642/go.mod h1:TSoSnqSU9XErQ0kuNKQBBPDfuyFvoSUyP1t7FCYRSyk=
github.com/Andrew-M-C/go.util/slice v0.0.0-20240221044053-8b90aa4683c0 h1:jwgZwOHC70wo0ygXPY6GQeDH2MMKrKlKldkmvV5V0UQ=
github.com/Andrew-M-C/go.util/slice v0.0.0-20240221044053-8b90aa4683c0/go.mod h1:wIie5mijWcGESDf64bIZZmQLdmccBqh9cPTBOXmvKoU=
github.com/Andrew-M-C/go.util/time v0.0.0-20240614030833-e1060da1a642 h1:2x6K+TI7HBFh6ZZ/+R+heoodjqp1DqJZcsivV3pWG20=
github.com/Andrew-M-C/go.util/time v0.0.0-20240614030833-e1060da1a642/go.mod h1:vqw7GPxpWilhCyymU3oSlKAkQ7hIahSCXl86Sw2w7T8=
github.com/emirpasic/gods/v2 v2.0.0-alpha h1:dwFlh8pBg1VMOXWGipNMRt8v96dKAIvBehtCt6OtunU=
github.com/emirpasic/gods/v2 v2.0.0-alpha/go.mod h1:W0y4M2dtBB9U5z3YlghmpuUhiaZT2h6yoeE+C1sCp6A=
github.com/gopherjs/gopherjs v1.17.2 h1:fQnZVsXk8uxXIStYb0N4bGk7jeyTalG/wsZjQ25dO0g=
github.com/gopherjs/gopherjs v1.17.2/go.mod h1:pRRIvn/QzFLrKfvEz3qUuEhtE/zLCWfreZ6J5gM2i+k=
github.com/jtolds/gls v4.20.0+incompatible h1:xdiiI2gbIgH/gLH7ADydsJ1uDOEzR8yvV7C0MuV77Wo=
github.com/jtolds/gls v4.20.0+incompatible/go.mod h1:QJZ7F/aHp+rZTRtaJ1ow/lLfFfVYBRgL+9YlvaHOwJU=
github.com/smarty/assertions v1.15.0 h1:cR//PqUBUiQRakZWqBiFFQ9wb8emQGDb0HeGdqGByCY=
github.com/smarty/assertions v1.15.0/go.mod h1:yABtdzeQs6l1brC900WlRNwj6ZR55d7B+E8C6HtKdec=
github.com/smartystreets/goconvey v1.8.1 h1:qGjIddxOk4grTu9JPOU31tVfq3cNdBlNa5sSznIX1xY=
github.com/smartystreets/goconvey v1.8.1/go.mod h1:+/u4qLyY6x1jReYOp7GOM2FSt8aP9CzCZL03bI28W60=
go.uber.org/atomic v1.11.0 h1:ZvwS0R+56ePWxUNi+Atn9dWONBPp/AUETXlHW0DxSjE=
go.uber.org/atomic v1.11.0/go.mod h1:LUxbIzbOniOlMKjJjyPfpl4v+PKK2cNJn91OQbhoJI0=
golang.org/x/exp v0.0.0-20240222234643-814bf88cf225 h1:LfspQV/FYTatPTr/3HzIcmiUFH7PGP+OQ6mgDYo3yuQ=
golang.org/x/exp v0.0.0-20240222234643-814bf88cf225/go.mod h1:CxmFvTBINI24O/j8iY7H1xHzx2i4OsyguNBmN/uPtqc=
