github.com/Andrew-M-C/go.jsonvalue v1.4.0 h1:8HHKIAcoARBRb2c/xoX+p6FSJ9eAGOFL3CnZyF7UyWA=
github.com/Andrew-M-C/go.jsonvalue v1.4.0/go.mod h1:EsYbZ97LlOhGUs+7qTwZI9KaJrPe6nK8sEZKEqr70Ww=
github.com/Andrew-M-C/go.util/net v0.0.0-20240920040959-400d8f87c326 h1:PM+HXyIN27I4INTZ2UfMDK1dyVapGc8uI3F0ZtWBM3s=
github.com/Andrew-M-C/go.util/net v0.0.0-20240920040959-400d8f87c326/go.mod h1:9yB/f2AaA4djhRYbt+rE3ME/dq80ngm1OsXZRI9ev4c=
github.com/Andrew-M-C/go.util/slice v0.0.0-20240920040959-400d8f87c326 h1:rXgDptP6ezLwv5i7UTw6jtLx25djxd7MUZWmtq+Fm+k=
github.com/Andrew-M-C/go.util/slice v0.0.0-20240920040959-400d8f87c326/go.mod h1:mMVgk/3We0tLAnAY8evo7gRdqY9jNg0T/k8sa99kc/U=
github.com/Andrew-M-C/go.util/sync v0.0.0-20240927150702-bee2267718ce h1:y0kqxrqhppY2mcU8dTkjESZQae+V6NQkAJMJfLoUWh0=
github.com/Andrew-M-C/go.util/sync v0.0.0-20240927150702-bee2267718ce/go.mod h1:j0AW07EV10fzF0sCCz88H7FAqm3NCM95x6cKFkIjrik=
github.com/fatih/color v1.17.0 h1:GlRw1BRJxkpqUCBKzKOw098ed57fEsKeNjpTe3cSjK4=
github.com/fatih/color v1.17.0/go.mod h1:YZ7TlrGPkiz6ku9fK3TLD/pl3CpsiFyu8N92HLgmosI=
github.com/gopherjs/gopherjs v0.0.0-20181017120253-0766667cb4d1/go.mod h1:wJfORRmW1u3UXTncJ5qlYoELFm8eSnnEO6hX4iZ3EWY=
github.com/gopherjs/gopherjs v1.17.2 h1:fQnZVsXk8uxXIStYb0N4bGk7jeyTalG/wsZjQ25dO0g=
github.com/gopherjs/gopherjs v1.17.2/go.mod h1:pRRIvn/QzFLrKfvEz3qUuEhtE/zLCWfreZ6J5gM2i+k=
github.com/jtolds/gls v4.20.0+incompatible h1:xdiiI2gbIgH/gLH7ADydsJ1uDOEzR8yvV7C0MuV77Wo=
github.com/jtolds/gls v4.20.0+incompatible/go.mod h1:QJZ7F/aHp+rZTRtaJ1ow/lLfFfVYBRgL+9YlvaHOwJU=
github.com/mattn/go-colorable v0.1.13 h1:fFA4WZxdEF4tXPZVKMLwD8oUnCTTo08duU7wxecdEvA=
github.com/mattn/go-colorable v0.1.13/go.mod h1:7S9/ev0klgBDR4GtXTXX8a3vIGJpMovkB8vQcUbaXHg=
github.com/mattn/go-isatty v0.0.16/go.mod h1:kYGgaQfpe5nmfYZH+SKPsOc2e4SrIfOl2e/yFXSvRLM=
github.com/mattn/go-isatty v0.0.20 h1:xfD0iDuEKnDkl03q4limB+vH+GxLEtL/jb4xVJSWWEY=
github.com/mattn/go-isatty v0.0.20/go.mod h1:W+V8PltTTMOvKvAeJH7IuucS94S2C6jfK/D7dTCTo3Y=
github.com/petermattis/goid v0.0.0-20240813172612-4fcff4a6cae7 h1:Dx7Ovyv/SFnMFw3fD4oEoeorXc6saIiQ23LrGLth0Gw=
github.com/petermattis/goid v0.0.0-20240813172612-4fcff4a6cae7/go.mod h1:pxMtw7cyUw6B2bRH0ZBANSPg+AoSud1I1iyJHI69jH4=
github.com/shopspring/decimal v1.4.0 h1:bxl37RwXBklmTi0C79JfXCEBD1cqqHt0bbgBAGFp81k=
github.com/shopspring/decimal v1.4.0/go.mod h1:gawqmDU56v4yIKSwfBSFip1HdCCXN8/+DMd9qYNcwME=
github.com/smarty/assertions v1.15.0 h1:cR//PqUBUiQRakZWqBiFFQ9wb8emQGDb0HeGdqGByCY=
github.com/smarty/assertions v1.15.0/go.mod h1:yABtdzeQs6l1brC900WlRNwj6ZR55d7B+E8C6HtKdec=
github.com/smartystreets/assertions v1.2.0/go.mod h1:tcbTF8ujkAEcZ8TElKY+i30BzYlVhC/LOxJk7iOWnoo=
github.com/smartystreets/goconvey v1.7.2/go.mod h1:Vw0tHAZW6lzCRk3xgdin6fKYcG+G3Pg9vgXWeJpQFMM=
github.com/smartystreets/goconvey v1.8.1 h1:qGjIddxOk4grTu9JPOU31tVfq3cNdBlNa5sSznIX1xY=
github.com/smartystreets/goconvey v1.8.1/go.mod h1:+/u4qLyY6x1jReYOp7GOM2FSt8aP9CzCZL03bI28W60=
golang.org/x/crypto v0.0.0-20190308221718-c2843e01d9a2/go.mod h1:djNgcEr1/C05ACkg1iLfiJU5Ep61QUkGW8qpdssI0+w=
golang.org/x/exp v0.0.0-20240222234643-814bf88cf225 h1:LfspQV/FYTatPTr/3HzIcmiUFH7PGP+OQ6mgDYo3yuQ=
golang.org/x/exp v0.0.0-20240222234643-814bf88cf225/go.mod h1:CxmFvTBINI24O/j8iY7H1xHzx2i4OsyguNBmN/uPtqc=
golang.org/x/net v0.0.0-20190311183353-d8887717615a/go.mod h1:t9HGtf8HONx5eT2rtn7q6eTqICYqUVnKs3thJo3Qplg=
golang.org/x/sys v0.0.0-20190215142949-d0b11bdaac8a/go.mod h1:STP8DvDyc/dI5b8T5hshtkjS+E42TnysNCUPdjciGhY=
golang.org/x/sys v0.0.0-20220811171246-fbc7d0a398ab/go.mod h1:oPkhp1MJrh7nUepCBck5+mAzfO9JrbApNNgaTdGDITg=
golang.org/x/sys v0.6.0/go.mod h1:oPkhp1MJrh7nUepCBck5+mAzfO9JrbApNNgaTdGDITg=
golang.org/x/sys v0.26.0 h1:KHjCJyddX0LoSTb3J+vWpupP9p0oznkqVk/IfjymZbo=
golang.org/x/sys v0.26.0/go.mod h1:/VUhepiaJMQUp4+oa/7Zr1D23ma6VTLIYjOOTFZPUcA=
golang.org/x/text v0.3.0/go.mod h1:NqM8EUOU14njkJ3fqMW+pc6Ldnwhi/IjpwHt7yyuwOQ=
golang.org/x/tools v0.0.0-20190328211700-ab21143f2384/go.mod h1:LCzVGOaR6xXOjkQ3onu1FJEFr0SW1gC7cKk1uF8kGRs=
